// !$*UTF8*$!
{
	archiveVersion = 1;
	classes = {
	};
	objectVersion = 55;
	objects = {

/* Begin PBXBuildFile section */
		730F2F262897239400D32740 /* WeatherModel.swift in Sources */ = {isa = PBXBuildFile; fileRef = 730F2F252897239400D32740 /* WeatherModel.swift */; };
		730F2F28289728E500D32740 /* WeatherTemperatureMenu.swift in Sources */ = {isa = PBXBuildFile; fileRef = 730F2F27289728E500D32740 /* WeatherTemperatureMenu.swift */; };
		730F2F2A2899AD1C00D32740 /* Double+Extension.swift in Sources */ = {isa = PBXBuildFile; fileRef = 730F2F292899AD1C00D32740 /* Double+Extension.swift */; };
		732D1EE528AF8C620020EF38 /* WeatherSuggestionsView.swift in Sources */ = {isa = PBXBuildFile; fileRef = 732D1EE428AF8C620020EF38 /* WeatherSuggestionsView.swift */; };
		733E0744290939980059888D /* AsyncTimer.swift in Sources */ = {isa = PBXBuildFile; fileRef = 733E0743290939980059888D /* AsyncTimer.swift */; };
		733E074629093C600059888D /* DegreeModel.swift in Sources */ = {isa = PBXBuildFile; fileRef = 733E074529093C600059888D /* DegreeModel.swift */; };
		737443BB28970C8800C7EC96 /* WeatherApp.swift in Sources */ = {isa = PBXBuildFile; fileRef = 737443BA28970C8800C7EC96 /* WeatherApp.swift */; };
		737443BD28970C8800C7EC96 /* WeatherView.swift in Sources */ = {isa = PBXBuildFile; fileRef = 737443BC28970C8800C7EC96 /* WeatherView.swift */; };
		737443BF28970C8B00C7EC96 /* Assets.xcassets in Resources */ = {isa = PBXBuildFile; fileRef = 737443BE28970C8B00C7EC96 /* Assets.xcassets */; };
		737443C228970C8B00C7EC96 /* Preview Assets.xcassets in Resources */ = {isa = PBXBuildFile; fileRef = 737443C128970C8B00C7EC96 /* Preview Assets.xcassets */; };
		737443CB28970F8C00C7EC96 /* Weather.swift in Sources */ = {isa = PBXBuildFile; fileRef = 737443CA28970F8C00C7EC96 /* Weather.swift */; };
		737443CD289710DA00C7EC96 /* WeatherList.swift in Sources */ = {isa = PBXBuildFile; fileRef = 737443CC289710DA00C7EC96 /* WeatherList.swift */; };
		737443D0289713B200C7EC96 /* WeatherService.swift in Sources */ = {isa = PBXBuildFile; fileRef = 737443CF289713B200C7EC96 /* WeatherService.swift */; };
		737CD3A328A67C72007BC240 /* world-cities.json in Resources */ = {isa = PBXBuildFile; fileRef = 737CD3A228A67C72007BC240 /* world-cities.json */; };
/* End PBXBuildFile section */

/* Begin PBXFileReference section */
		730F2F252897239400D32740 /* WeatherModel.swift */ = {isa = PBXFileReference; lastKnownFileType = sourcecode.swift; path = WeatherModel.swift; sourceTree = "<group>"; };
		730F2F27289728E500D32740 /* WeatherTemperatureMenu.swift */ = {isa = PBXFileReference; lastKnownFileType = sourcecode.swift; path = WeatherTemperatureMenu.swift; sourceTree = "<group>"; };
		730F2F292899AD1C00D32740 /* Double+Extension.swift */ = {isa = PBXFileReference; lastKnownFileType = sourcecode.swift; path = "Double+Extension.swift"; sourceTree = "<group>"; };
		732D1EE428AF8C620020EF38 /* WeatherSuggestionsView.swift */ = {isa = PBXFileReference; lastKnownFileType = sourcecode.swift; path = WeatherSuggestionsView.swift; sourceTree = "<group>"; };
		733E0743290939980059888D /* AsyncTimer.swift */ = {isa = PBXFileReference; lastKnownFileType = sourcecode.swift; path = AsyncTimer.swift; sourceTree = "<group>"; };
		733E074529093C600059888D /* DegreeModel.swift */ = {isa = PBXFileReference; lastKnownFileType = sourcecode.swift; path = DegreeModel.swift; sourceTree = "<group>"; };
		737443B728970C8800C7EC96 /* WeatherApp.app */ = {isa = PBXFileReference; explicitFileType = wrapper.application; includeInIndex = 0; path = WeatherApp.app; sourceTree = BUILT_PRODUCTS_DIR; };
		737443BA28970C8800C7EC96 /* WeatherApp.swift */ = {isa = PBXFileReference; lastKnownFileType = sourcecode.swift; path = WeatherApp.swift; sourceTree = "<group>"; };
		737443BC28970C8800C7EC96 /* WeatherView.swift */ = {isa = PBXFileReference; lastKnownFileType = sourcecode.swift; path = WeatherView.swift; sourceTree = "<group>"; };
		737443BE28970C8B00C7EC96 /* Assets.xcassets */ = {isa = PBXFileReference; lastKnownFileType = folder.assetcatalog; path = Assets.xcassets; sourceTree = "<group>"; };
		737443C128970C8B00C7EC96 /* Preview Assets.xcassets */ = {isa = PBXFileReference; lastKnownFileType = folder.assetcatalog; path = "Preview Assets.xcassets"; sourceTree = "<group>"; };
		737443CA28970F8C00C7EC96 /* Weather.swift */ = {isa = PBXFileReference; lastKnownFileType = sourcecode.swift; path = Weather.swift; sourceTree = "<group>"; };
		737443CC289710DA00C7EC96 /* WeatherList.swift */ = {isa = PBXFileReference; lastKnownFileType = sourcecode.swift; path = WeatherList.swift; sourceTree = "<group>"; };
		737443CF289713B200C7EC96 /* WeatherService.swift */ = {isa = PBXFileReference; lastKnownFileType = sourcecode.swift; path = WeatherService.swift; sourceTree = "<group>"; };
		737CD3A228A67C72007BC240 /* world-cities.json */ = {isa = PBXFileReference; fileEncoding = 4; lastKnownFileType = text.json; path = "world-cities.json"; sourceTree = "<group>"; };
/* End PBXFileReference section */

/* Begin PBXFrameworksBuildPhase section */
		737443B428970C8800C7EC96 /* Frameworks */ = {
			isa = PBXFrameworksBuildPhase;
			buildActionMask = 2147483647;
			files = (
			);
			runOnlyForDeploymentPostprocessing = 0;
		};
/* End PBXFrameworksBuildPhase section */

/* Begin PBXGroup section */
		733E0741290939660059888D /* Extensions */ = {
			isa = PBXGroup;
			children = (
				730F2F292899AD1C00D32740 /* Double+Extension.swift */,
			);
			path = Extensions;
			sourceTree = "<group>";
		};
		733E07422909398E0059888D /* Helpers */ = {
			isa = PBXGroup;
			children = (
				733E0743290939980059888D /* AsyncTimer.swift */,
			);
			path = Helpers;
			sourceTree = "<group>";
		};
		737443AE28970C8800C7EC96 = {
			isa = PBXGroup;
			children = (
				737443B928970C8800C7EC96 /* WeatherApp */,
				737443B828970C8800C7EC96 /* Products */,
			);
			sourceTree = "<group>";
		};
		737443B828970C8800C7EC96 /* Products */ = {
			isa = PBXGroup;
			children = (
				737443B728970C8800C7EC96 /* WeatherApp.app */,
			);
			name = Products;
			sourceTree = "<group>";
		};
		737443B928970C8800C7EC96 /* WeatherApp */ = {
			isa = PBXGroup;
			children = (
				737443BA28970C8800C7EC96 /* WeatherApp.swift */,
				737443C928970F7E00C7EC96 /* Views */,
				737443C828970F7900C7EC96 /* Models */,
				737443CE2897134A00C7EC96 /* Handlers */,
				733E07422909398E0059888D /* Helpers */,
				733E0741290939660059888D /* Extensions */,
				737443BE28970C8B00C7EC96 /* Assets.xcassets */,
				737443C028970C8B00C7EC96 /* Preview Content */,
			);
			path = WeatherApp;
			sourceTree = "<group>";
		};
		737443C028970C8B00C7EC96 /* Preview Content */ = {
			isa = PBXGroup;
			children = (
				737443C128970C8B00C7EC96 /* Preview Assets.xcassets */,
			);
			path = "Preview Content";
			sourceTree = "<group>";
		};
		737443C828970F7900C7EC96 /* Models */ = {
			isa = PBXGroup;
			children = (
				737443CA28970F8C00C7EC96 /* Weather.swift */,
				730F2F252897239400D32740 /* WeatherModel.swift */,
				733E074529093C600059888D /* DegreeModel.swift */,
			);
			path = Models;
			sourceTree = "<group>";
		};
		737443C928970F7E00C7EC96 /* Views */ = {
			isa = PBXGroup;
			children = (
				737443BC28970C8800C7EC96 /* WeatherView.swift */,
				737443CC289710DA00C7EC96 /* WeatherList.swift */,
				730F2F27289728E500D32740 /* WeatherTemperatureMenu.swift */,
				732D1EE428AF8C620020EF38 /* WeatherSuggestionsView.swift */,
			);
			path = Views;
			sourceTree = "<group>";
		};
		737443CE2897134A00C7EC96 /* Handlers */ = {
			isa = PBXGroup;
			children = (
				737443CF289713B200C7EC96 /* WeatherService.swift */,
				737CD3A228A67C72007BC240 /* world-cities.json */,
			);
			path = Handlers;
			sourceTree = "<group>";
		};
/* End PBXGroup section */

/* Begin PBXNativeTarget section */
		737443B628970C8800C7EC96 /* WeatherApp */ = {
			isa = PBXNativeTarget;
			buildConfigurationList = 737443C528970C8B00C7EC96 /* Build configuration list for PBXNativeTarget "WeatherApp" */;
			buildPhases = (
				737443B328970C8800C7EC96 /* Sources */,
				737443B428970C8800C7EC96 /* Frameworks */,
				737443B528970C8800C7EC96 /* Resources */,
			);
			buildRules = (
			);
			dependencies = (
			);
			name = WeatherApp;
			productName = Pogodynka;
			productReference = 737443B728970C8800C7EC96 /* WeatherApp.app */;
			productType = "com.apple.product-type.application";
		};
/* End PBXNativeTarget section */

/* Begin PBXProject section */
		737443AF28970C8800C7EC96 /* Project object */ = {
			isa = PBXProject;
			attributes = {
				BuildIndependentTargetsInParallel = 1;
				LastSwiftUpdateCheck = 1320;
				LastUpgradeCheck = 1320;
				TargetAttributes = {
					737443B628970C8800C7EC96 = {
						CreatedOnToolsVersion = 13.2.1;
					};
				};
			};
			buildConfigurationList = 737443B228970C8800C7EC96 /* Build configuration list for PBXProject "WeatherApp" */;
			compatibilityVersion = "Xcode 13.0";
			developmentRegion = en;
			hasScannedForEncodings = 0;
			knownRegions = (
				en,
				Base,
			);
			mainGroup = 737443AE28970C8800C7EC96;
			productRefGroup = 737443B828970C8800C7EC96 /* Products */;
			projectDirPath = "";
			projectRoot = "";
			targets = (
				737443B628970C8800C7EC96 /* WeatherApp */,
			);
		};
/* End PBXProject section */

/* Begin PBXResourcesBuildPhase section */
		737443B528970C8800C7EC96 /* Resources */ = {
			isa = PBXResourcesBuildPhase;
			buildActionMask = 2147483647;
			files = (
				737CD3A328A67C72007BC240 /* world-cities.json in Resources */,
				737443C228970C8B00C7EC96 /* Preview Assets.xcassets in Resources */,
				737443BF28970C8B00C7EC96 /* Assets.xcassets in Resources */,
			);
			runOnlyForDeploymentPostprocessing = 0;
		};
/* End PBXResourcesBuildPhase section */

/* Begin PBXSourcesBuildPhase section */
		737443B328970C8800C7EC96 /* Sources */ = {
			isa = PBXSourcesBuildPhase;
			buildActionMask = 2147483647;
			files = (
				737443CD289710DA00C7EC96 /* WeatherList.swift in Sources */,
				732D1EE528AF8C620020EF38 /* WeatherSuggestionsView.swift in Sources */,
				737443BD28970C8800C7EC96 /* WeatherView.swift in Sources */,
				730F2F28289728E500D32740 /* WeatherTemperatureMenu.swift in Sources */,
				733E0744290939980059888D /* AsyncTimer.swift in Sources */,
				733E074629093C600059888D /* DegreeModel.swift in Sources */,
				737443CB28970F8C00C7EC96 /* Weather.swift in Sources */,
				730F2F2A2899AD1C00D32740 /* Double+Extension.swift in Sources */,
				737443BB28970C8800C7EC96 /* WeatherApp.swift in Sources */,
				730F2F262897239400D32740 /* WeatherModel.swift in Sources */,
				737443D0289713B200C7EC96 /* WeatherService.swift in Sources */,
			);
			runOnlyForDeploymentPostprocessing = 0;
		};
/* End PBXSourcesBuildPhase section */

/* Begin XCBuildConfiguration section */
		737443C328970C8B00C7EC96 /* Debug */ = {
			isa = XCBuildConfiguration;
			buildSettings = {
				ALWAYS_SEARCH_USER_PATHS = NO;
				CLANG_ANALYZER_NONNULL = YES;
				CLANG_ANALYZER_NUMBER_OBJECT_CONVERSION = YES_AGGRESSIVE;
				CLANG_CXX_LANGUAGE_STANDARD = "gnu++17";
				CLANG_CXX_LIBRARY = "libc++";
				CLANG_ENABLE_MODULES = YES;
				CLANG_ENABLE_OBJC_ARC = YES;
				CLANG_ENABLE_OBJC_WEAK = YES;
				CLANG_WARN_BLOCK_CAPTURE_AUTORELEASING = YES;
				CLANG_WARN_BOOL_CONVERSION = YES;
				CLANG_WARN_COMMA = YES;
				CLANG_WARN_CONSTANT_CONVERSION = YES;
				CLANG_WARN_DEPRECATED_OBJC_IMPLEMENTATIONS = YES;
				CLANG_WARN_DIRECT_OBJC_ISA_USAGE = YES_ERROR;
				CLANG_WARN_DOCUMENTATION_COMMENTS = YES;
				CLANG_WARN_EMPTY_BODY = YES;
				CLANG_WARN_ENUM_CONVERSION = YES;
				CLANG_WARN_INFINITE_RECURSION = YES;
				CLANG_WARN_INT_CONVERSION = YES;
				CLANG_WARN_NON_LITERAL_NULL_CONVERSION = YES;
				CLANG_WARN_OBJC_IMPLICIT_RETAIN_SELF = YES;
				CLANG_WARN_OBJC_LITERAL_CONVERSION = YES;
				CLANG_WARN_OBJC_ROOT_CLASS = YES_ERROR;
				CLANG_WARN_QUOTED_INCLUDE_IN_FRAMEWORK_HEADER = YES;
				CLANG_WARN_RANGE_LOOP_ANALYSIS = YES;
				CLANG_WARN_STRICT_PROTOTYPES = YES;
				CLANG_WARN_SUSPICIOUS_MOVE = YES;
				CLANG_WARN_UNGUARDED_AVAILABILITY = YES_AGGRESSIVE;
				CLANG_WARN_UNREACHABLE_CODE = YES;
				CLANG_WARN__DUPLICATE_METHOD_MATCH = YES;
				COPY_PHASE_STRIP = NO;
				DEBUG_INFORMATION_FORMAT = dwarf;
				ENABLE_STRICT_OBJC_MSGSEND = YES;
				ENABLE_TESTABILITY = YES;
				GCC_C_LANGUAGE_STANDARD = gnu11;
				GCC_DYNAMIC_NO_PIC = NO;
				GCC_NO_COMMON_BLOCKS = YES;
				GCC_OPTIMIZATION_LEVEL = 0;
				GCC_PREPROCESSOR_DEFINITIONS = (
					"DEBUG=1",
					"$(inherited)",
				);
				GCC_WARN_64_TO_32_BIT_CONVERSION = YES;
				GCC_WARN_ABOUT_RETURN_TYPE = YES_ERROR;
				GCC_WARN_UNDECLARED_SELECTOR = YES;
				GCC_WARN_UNINITIALIZED_AUTOS = YES_AGGRESSIVE;
				GCC_WARN_UNUSED_FUNCTION = YES;
				GCC_WARN_UNUSED_VARIABLE = YES;
				IPHONEOS_DEPLOYMENT_TARGET = 15.2;
				MTL_ENABLE_DEBUG_INFO = INCLUDE_SOURCE;
				MTL_FAST_MATH = YES;
				ONLY_ACTIVE_ARCH = YES;
				SDKROOT = iphoneos;
				SWIFT_ACTIVE_COMPILATION_CONDITIONS = DEBUG;
				SWIFT_OPTIMIZATION_LEVEL = "-Onone";
			};
			name = Debug;
		};
		737443C428970C8B00C7EC96 /* Release */ = {
			isa = XCBuildConfiguration;
			buildSettings = {
				ALWAYS_SEARCH_USER_PATHS = NO;
				CLANG_ANALYZER_NONNULL = YES;
				CLANG_ANALYZER_NUMBER_OBJECT_CONVERSION = YES_AGGRESSIVE;
				CLANG_CXX_LANGUAGE_STANDARD = "gnu++17";
				CLANG_CXX_LIBRARY = "libc++";
				CLANG_ENABLE_MODULES = YES;
				CLANG_ENABLE_OBJC_ARC = YES;
				CLANG_ENABLE_OBJC_WEAK = YES;
				CLANG_WARN_BLOCK_CAPTURE_AUTORELEASING = YES;
				CLANG_WARN_BOOL_CONVERSION = YES;
				CLANG_WARN_COMMA = YES;
				CLANG_WARN_CONSTANT_CONVERSION = YES;
				CLANG_WARN_DEPRECATED_OBJC_IMPLEMENTATIONS = YES;
				CLANG_WARN_DIRECT_OBJC_ISA_USAGE = YES_ERROR;
				CLANG_WARN_DOCUMENTATION_COMMENTS = YES;
				CLANG_WARN_EMPTY_BODY = YES;
				CLANG_WARN_ENUM_CONVERSION = YES;
				CLANG_WARN_INFINITE_RECURSION = YES;
				CLANG_WARN_INT_CONVERSION = YES;
				CLANG_WARN_NON_LITERAL_NULL_CONVERSION = YES;
				CLANG_WARN_OBJC_IMPLICIT_RETAIN_SELF = YES;
				CLANG_WARN_OBJC_LITERAL_CONVERSION = YES;
				CLANG_WARN_OBJC_ROOT_CLASS = YES_ERROR;
				CLANG_WARN_QUOTED_INCLUDE_IN_FRAMEWORK_HEADER = YES;
				CLANG_WARN_RANGE_LOOP_ANALYSIS = YES;
				CLANG_WARN_STRICT_PROTOTYPES = YES;
				CLANG_WARN_SUSPICIOUS_MOVE = YES;
				CLANG_WARN_UNGUARDED_AVAILABILITY = YES_AGGRESSIVE;
				CLANG_WARN_UNREACHABLE_CODE = YES;
				CLANG_WARN__DUPLICATE_METHOD_MATCH = YES;
				COPY_PHASE_STRIP = NO;
				DEBUG_INFORMATION_FORMAT = "dwarf-with-dsym";
				ENABLE_NS_ASSERTIONS = NO;
				ENABLE_STRICT_OBJC_MSGSEND = YES;
				GCC_C_LANGUAGE_STANDARD = gnu11;
				GCC_NO_COMMON_BLOCKS = YES;
				GCC_WARN_64_TO_32_BIT_CONVERSION = YES;
				GCC_WARN_ABOUT_RETURN_TYPE = YES_ERROR;
				GCC_WARN_UNDECLARED_SELECTOR = YES;
				GCC_WARN_UNINITIALIZED_AUTOS = YES_AGGRESSIVE;
				GCC_WARN_UNUSED_FUNCTION = YES;
				GCC_WARN_UNUSED_VARIABLE = YES;
				IPHONEOS_DEPLOYMENT_TARGET = 15.2;
				MTL_ENABLE_DEBUG_INFO = NO;
				MTL_FAST_MATH = YES;
				SDKROOT = iphoneos;
				SWIFT_COMPILATION_MODE = wholemodule;
				SWIFT_OPTIMIZATION_LEVEL = "-O";
				VALIDATE_PRODUCT = YES;
			};
			name = Release;
		};
		737443C628970C8B00C7EC96 /* Debug */ = {
			isa = XCBuildConfiguration;
			buildSettings = {
				ASSETCATALOG_COMPILER_APPICON_NAME = AppIcon;
				ASSETCATALOG_COMPILER_GLOBAL_ACCENT_COLOR_NAME = AccentColor;
				CODE_SIGN_STYLE = Automatic;
				CURRENT_PROJECT_VERSION = 1;
				DEVELOPMENT_ASSET_PATHS = "\"WeatherApp/Preview Content\"";
				DEVELOPMENT_TEAM = YDWUWN77V6;
				ENABLE_PREVIEWS = YES;
				GENERATE_INFOPLIST_FILE = YES;
				INFOPLIST_KEY_UIApplicationSceneManifest_Generation = YES;
				INFOPLIST_KEY_UIApplicationSupportsIndirectInputEvents = YES;
				INFOPLIST_KEY_UILaunchScreen_Generation = YES;
				INFOPLIST_KEY_UISupportedInterfaceOrientations_iPad = "UIInterfaceOrientationPortrait UIInterfaceOrientationPortraitUpsideDown UIInterfaceOrientationLandscapeLeft UIInterfaceOrientationLandscapeRight";
				INFOPLIST_KEY_UISupportedInterfaceOrientations_iPhone = "UIInterfaceOrientationPortrait UIInterfaceOrientationLandscapeLeft UIInterfaceOrientationLandscapeRight";
				LD_RUNPATH_SEARCH_PATHS = (
					"$(inherited)",
					"@executable_path/Frameworks",
				);
				MARKETING_VERSION = 1.0;
				PRODUCT_BUNDLE_IDENTIFIER = PawelSwiatek.Weather;
				PRODUCT_NAME = WeatherApp;
				SWIFT_EMIT_LOC_STRINGS = YES;
				SWIFT_VERSION = 5.0;
				TARGETED_DEVICE_FAMILY = "1,2";
			};
			name = Debug;
		};
		737443C728970C8B00C7EC96 /* Release */ = {
			isa = XCBuildConfiguration;
			buildSettings = {
				ASSETCATALOG_COMPILER_APPICON_NAME = AppIcon;
				ASSETCATALOG_COMPILER_GLOBAL_ACCENT_COLOR_NAME = AccentColor;
				CODE_SIGN_STYLE = Automatic;
				CURRENT_PROJECT_VERSION = 1;
				DEVELOPMENT_ASSET_PATHS = "\"WeatherApp/Preview Content\"";
				DEVELOPMENT_TEAM = YDWUWN77V6;
				ENABLE_PREVIEWS = YES;
				GENERATE_INFOPLIST_FILE = YES;
				INFOPLIST_KEY_UIApplicationSceneManifest_Generation = YES;
				INFOPLIST_KEY_UIApplicationSupportsIndirectInputEvents = YES;
				INFOPLIST_KEY_UILaunchScreen_Generation = YES;
				INFOPLIST_KEY_UISupportedInterfaceOrientations_iPad = "UIInterfaceOrientationPortrait UIInterfaceOrientationPortraitUpsideDown UIInterfaceOrientationLandscapeLeft UIInterfaceOrientationLandscapeRight";
				INFOPLIST_KEY_UISupportedInterfaceOrientations_iPhone = "UIInterfaceOrientationPortrait UIInterfaceOrientationLandscapeLeft UIInterfaceOrientationLandscapeRight";
				LD_RUNPATH_SEARCH_PATHS = (
					"$(inherited)",
					"@executable_path/Frameworks",
				);
				MARKETING_VERSION = 1.0;
				PRODUCT_BUNDLE_IDENTIFIER = PawelSwiatek.Weather;
				PRODUCT_NAME = WeatherApp;
				SWIFT_EMIT_LOC_STRINGS = YES;
				SWIFT_VERSION = 5.0;
				TARGETED_DEVICE_FAMILY = "1,2";
			};
			name = Release;
		};
/* End XCBuildConfiguration section */

/* Begin XCConfigurationList section */
		737443B228970C8800C7EC96 /* Build configuration list for PBXProject "WeatherApp" */ = {
			isa = XCConfigurationList;
			buildConfigurations = (
				737443C328970C8B00C7EC96 /* Debug */,
				737443C428970C8B00C7EC96 /* Release */,
			);
			defaultConfigurationIsVisible = 0;
			defaultConfigurationName = Release;
		};
		737443C528970C8B00C7EC96 /* Build configuration list for PBXNativeTarget "WeatherApp" */ = {
			isa = XCConfigurationList;
			buildConfigurations = (
				737443C628970C8B00C7EC96 /* Debug */,
				737443C728970C8B00C7EC96 /* Release */,
			);
			defaultConfigurationIsVisible = 0;
			defaultConfigurationName = Release;
		};
/* End XCConfigurationList section */
	};
	rootObject = 737443AF28970C8800C7EC96 /* Project object */;
}
